// !$*UTF8*$!
{
	archiveVersion = 1;
	classes = {
	};
	objectVersion = 56;
	objects = {

/* Begin PBXBuildFile section */
		7BDC1A362A6AAC50005C06C4 /* AppDelegate.swift in Sources */ = {isa = PBXBuildFile; fileRef = 7BDC1A352A6AAC50005C06C4 /* AppDelegate.swift */; };
		7BDC1A382A6AAC50005C06C4 /* SceneDelegate.swift in Sources */ = {isa = PBXBuildFile; fileRef = 7BDC1A372A6AAC50005C06C4 /* SceneDelegate.swift */; };
		7BDC1A3A2A6AAC50005C06C4 /* ViewController.swift in Sources */ = {isa = PBXBuildFile; fileRef = 7BDC1A392A6AAC50005C06C4 /* ViewController.swift */; };
		7BDC1A3D2A6AAC50005C06C4 /* Main.storyboard in Resources */ = {isa = PBXBuildFile; fileRef = 7BDC1A3B2A6AAC50005C06C4 /* Main.storyboard */; };
		7BDC1A3F2A6AAC51005C06C4 /* Assets.xcassets in Resources */ = {isa = PBXBuildFile; fileRef = 7BDC1A3E2A6AAC51005C06C4 /* Assets.xcassets */; };
		7BDC1A422A6AAC51005C06C4 /* LaunchScreen.storyboard in Resources */ = {isa = PBXBuildFile; fileRef = 7BDC1A402A6AAC51005C06C4 /* LaunchScreen.storyboard */; };
		7BDC1A522A6AAD24005C06C4 /* NetworkManager.swift in Sources */ = {isa = PBXBuildFile; fileRef = 7BDC1A512A6AAD24005C06C4 /* NetworkManager.swift */; };
		7BDC1A542A6AAD40005C06C4 /* Endpoint.swift in Sources */ = {isa = PBXBuildFile; fileRef = 7BDC1A532A6AAD40005C06C4 /* Endpoint.swift */; };
		7BDC1A562A6AAD47005C06C4 /* Contants.swift in Sources */ = {isa = PBXBuildFile; fileRef = 7BDC1A552A6AAD47005C06C4 /* Contants.swift */; };
		7BDC1A582A6AB381005C06C4 /* NetworkServiceError.swift in Sources */ = {isa = PBXBuildFile; fileRef = 7BDC1A572A6AB381005C06C4 /* NetworkServiceError.swift */; };
		7BDC1A5A2A6AB591005C06C4 /* NewsModel.swift in Sources */ = {isa = PBXBuildFile; fileRef = 7BDC1A592A6AB591005C06C4 /* NewsModel.swift */; };
/* End PBXBuildFile section */

/* Begin PBXFileReference section */
		7BDC1A322A6AAC50005C06C4 /* BreakingNews.app */ = {isa = PBXFileReference; explicitFileType = wrapper.application; includeInIndex = 0; path = BreakingNews.app; sourceTree = BUILT_PRODUCTS_DIR; };
		7BDC1A352A6AAC50005C06C4 /* AppDelegate.swift */ = {isa = PBXFileReference; lastKnownFileType = sourcecode.swift; path = AppDelegate.swift; sourceTree = "<group>"; };
		7BDC1A372A6AAC50005C06C4 /* SceneDelegate.swift */ = {isa = PBXFileReference; lastKnownFileType = sourcecode.swift; path = SceneDelegate.swift; sourceTree = "<group>"; };
		7BDC1A392A6AAC50005C06C4 /* ViewController.swift */ = {isa = PBXFileReference; lastKnownFileType = sourcecode.swift; path = ViewController.swift; sourceTree = "<group>"; };
		7BDC1A3C2A6AAC50005C06C4 /* Base */ = {isa = PBXFileReference; lastKnownFileType = file.storyboard; name = Base; path = Base.lproj/Main.storyboard; sourceTree = "<group>"; };
		7BDC1A3E2A6AAC51005C06C4 /* Assets.xcassets */ = {isa = PBXFileReference; lastKnownFileType = folder.assetcatalog; path = Assets.xcassets; sourceTree = "<group>"; };
		7BDC1A412A6AAC51005C06C4 /* Base */ = {isa = PBXFileReference; lastKnownFileType = file.storyboard; name = Base; path = Base.lproj/LaunchScreen.storyboard; sourceTree = "<group>"; };
		7BDC1A432A6AAC51005C06C4 /* Info.plist */ = {isa = PBXFileReference; lastKnownFileType = text.plist.xml; path = Info.plist; sourceTree = "<group>"; };
		7BDC1A512A6AAD24005C06C4 /* NetworkManager.swift */ = {isa = PBXFileReference; lastKnownFileType = sourcecode.swift; path = NetworkManager.swift; sourceTree = "<group>"; };
		7BDC1A532A6AAD40005C06C4 /* Endpoint.swift */ = {isa = PBXFileReference; lastKnownFileType = sourcecode.swift; path = Endpoint.swift; sourceTree = "<group>"; };
		7BDC1A552A6AAD47005C06C4 /* Contants.swift */ = {isa = PBXFileReference; lastKnownFileType = sourcecode.swift; path = Contants.swift; sourceTree = "<group>"; };
		7BDC1A572A6AB381005C06C4 /* NetworkServiceError.swift */ = {isa = PBXFileReference; lastKnownFileType = sourcecode.swift; path = NetworkServiceError.swift; sourceTree = "<group>"; };
		7BDC1A592A6AB591005C06C4 /* NewsModel.swift */ = {isa = PBXFileReference; lastKnownFileType = sourcecode.swift; path = NewsModel.swift; sourceTree = "<group>"; };
/* End PBXFileReference section */

/* Begin PBXFrameworksBuildPhase section */
		7BDC1A2F2A6AAC50005C06C4 /* Frameworks */ = {
			isa = PBXFrameworksBuildPhase;
			buildActionMask = 2147483647;
			files = (
			);
			runOnlyForDeploymentPostprocessing = 0;
		};
/* End PBXFrameworksBuildPhase section */

/* Begin PBXGroup section */
		7BDC1A292A6AAC50005C06C4 = {
			isa = PBXGroup;
			children = (
				7BDC1A342A6AAC50005C06C4 /* BreakingNews */,
				7BDC1A332A6AAC50005C06C4 /* Products */,
			);
			sourceTree = "<group>";
		};
		7BDC1A332A6AAC50005C06C4 /* Products */ = {
			isa = PBXGroup;
			children = (
				7BDC1A322A6AAC50005C06C4 /* BreakingNews.app */,
			);
			name = Products;
			sourceTree = "<group>";
		};
		7BDC1A342A6AAC50005C06C4 /* BreakingNews */ = {
			isa = PBXGroup;
			children = (
				7BDC1A502A6AAD19005C06C4 /* Service */,
				7BDC1A4F2A6AAD14005C06C4 /* Helpers */,
				7BDC1A4C2A6AACF1005C06C4 /* Model */,
				7BDC1A4B2A6AACED005C06C4 /* ViewModel */,
				7BDC1A4A2A6AACE9005C06C4 /* View */,
				7BDC1A492A6AACD8005C06C4 /* Delegations */,
				7BDC1A3E2A6AAC51005C06C4 /* Assets.xcassets */,
				7BDC1A432A6AAC51005C06C4 /* Info.plist */,
			);
			path = BreakingNews;
			sourceTree = "<group>";
		};
		7BDC1A492A6AACD8005C06C4 /* Delegations */ = {
			isa = PBXGroup;
			children = (
				7BDC1A352A6AAC50005C06C4 /* AppDelegate.swift */,
				7BDC1A372A6AAC50005C06C4 /* SceneDelegate.swift */,
			);
			path = Delegations;
			sourceTree = "<group>";
		};
		7BDC1A4A2A6AACE9005C06C4 /* View */ = {
			isa = PBXGroup;
			children = (
				7BDC1A4E2A6AAD02005C06C4 /* Storyboard */,
				7BDC1A4D2A6AACF6005C06C4 /* Controller */,
			);
			path = View;
			sourceTree = "<group>";
		};
		7BDC1A4B2A6AACED005C06C4 /* ViewModel */ = {
			isa = PBXGroup;
			children = (
			);
			path = ViewModel;
			sourceTree = "<group>";
		};
		7BDC1A4C2A6AACF1005C06C4 /* Model */ = {
			isa = PBXGroup;
			children = (
				7BDC1A592A6AB591005C06C4 /* NewsModel.swift */,
			);
			path = Model;
			sourceTree = "<group>";
		};
		7BDC1A4D2A6AACF6005C06C4 /* Controller */ = {
			isa = PBXGroup;
			children = (
				7BDC1A392A6AAC50005C06C4 /* ViewController.swift */,
			);
			path = Controller;
			sourceTree = "<group>";
		};
		7BDC1A4E2A6AAD02005C06C4 /* Storyboard */ = {
			isa = PBXGroup;
			children = (
				7BDC1A3B2A6AAC50005C06C4 /* Main.storyboard */,
				7BDC1A402A6AAC51005C06C4 /* LaunchScreen.storyboard */,
			);
			path = Storyboard;
			sourceTree = "<group>";
		};
		7BDC1A4F2A6AAD14005C06C4 /* Helpers */ = {
			isa = PBXGroup;
			children = (
				7BDC1A552A6AAD47005C06C4 /* Contants.swift */,
				7BDC1A572A6AB381005C06C4 /* NetworkServiceError.swift */,
			);
			path = Helpers;
			sourceTree = "<group>";
		};
		7BDC1A502A6AAD19005C06C4 /* Service */ = {
			isa = PBXGroup;
			children = (
				7BDC1A512A6AAD24005C06C4 /* NetworkManager.swift */,
				7BDC1A532A6AAD40005C06C4 /* Endpoint.swift */,
			);
			path = Service;
			sourceTree = "<group>";
		};
/* End PBXGroup section */

/* Begin PBXNativeTarget section */
		7BDC1A312A6AAC50005C06C4 /* BreakingNews */ = {
			isa = PBXNativeTarget;
			buildConfigurationList = 7BDC1A462A6AAC51005C06C4 /* Build configuration list for PBXNativeTarget "BreakingNews" */;
			buildPhases = (
				7BDC1A2E2A6AAC50005C06C4 /* Sources */,
				7BDC1A2F2A6AAC50005C06C4 /* Frameworks */,
				7BDC1A302A6AAC50005C06C4 /* Resources */,
			);
			buildRules = (
			);
			dependencies = (
			);
			name = BreakingNews;
			productName = BreakingNews;
			productReference = 7BDC1A322A6AAC50005C06C4 /* BreakingNews.app */;
			productType = "com.apple.product-type.application";
		};
/* End PBXNativeTarget section */

/* Begin PBXProject section */
		7BDC1A2A2A6AAC50005C06C4 /* Project object */ = {
			isa = PBXProject;
			attributes = {
				BuildIndependentTargetsInParallel = 1;
				LastSwiftUpdateCheck = 1400;
				LastUpgradeCheck = 1400;
				TargetAttributes = {
					7BDC1A312A6AAC50005C06C4 = {
						CreatedOnToolsVersion = 14.0;
					};
				};
			};
			buildConfigurationList = 7BDC1A2D2A6AAC50005C06C4 /* Build configuration list for PBXProject "BreakingNews" */;
			compatibilityVersion = "Xcode 14.0";
			developmentRegion = en;
			hasScannedForEncodings = 0;
			knownRegions = (
				en,
				Base,
			);
			mainGroup = 7BDC1A292A6AAC50005C06C4;
			productRefGroup = 7BDC1A332A6AAC50005C06C4 /* Products */;
			projectDirPath = "";
			projectRoot = "";
			targets = (
				7BDC1A312A6AAC50005C06C4 /* BreakingNews */,
			);
		};
/* End PBXProject section */

/* Begin PBXResourcesBuildPhase section */
		7BDC1A302A6AAC50005C06C4 /* Resources */ = {
			isa = PBXResourcesBuildPhase;
			buildActionMask = 2147483647;
			files = (
				7BDC1A422A6AAC51005C06C4 /* LaunchScreen.storyboard in Resources */,
				7BDC1A3F2A6AAC51005C06C4 /* Assets.xcassets in Resources */,
				7BDC1A3D2A6AAC50005C06C4 /* Main.storyboard in Resources */,
			);
			runOnlyForDeploymentPostprocessing = 0;
		};
/* End PBXResourcesBuildPhase section */

/* Begin PBXSourcesBuildPhase section */
		7BDC1A2E2A6AAC50005C06C4 /* Sources */ = {
			isa = PBXSourcesBuildPhase;
			buildActionMask = 2147483647;
			files = (
				7BDC1A5A2A6AB591005C06C4 /* NewsModel.swift in Sources */,
				7BDC1A582A6AB381005C06C4 /* NetworkServiceError.swift in Sources */,
				7BDC1A522A6AAD24005C06C4 /* NetworkManager.swift in Sources */,
				7BDC1A3A2A6AAC50005C06C4 /* ViewController.swift in Sources */,
				7BDC1A362A6AAC50005C06C4 /* AppDelegate.swift in Sources */,
				7BDC1A382A6AAC50005C06C4 /* SceneDelegate.swift in Sources */,
				7BDC1A542A6AAD40005C06C4 /* Endpoint.swift in Sources */,
				7BDC1A562A6AAD47005C06C4 /* Contants.swift in Sources */,
			);
			runOnlyForDeploymentPostprocessing = 0;
		};
/* End PBXSourcesBuildPhase section */

/* Begin PBXVariantGroup section */
		7BDC1A3B2A6AAC50005C06C4 /* Main.storyboard */ = {
			isa = PBXVariantGroup;
			children = (
				7BDC1A3C2A6AAC50005C06C4 /* Base */,
			);
			name = Main.storyboard;
			sourceTree = "<group>";
		};
		7BDC1A402A6AAC51005C06C4 /* LaunchScreen.storyboard */ = {
			isa = PBXVariantGroup;
			children = (
				7BDC1A412A6AAC51005C06C4 /* Base */,
			);
			name = LaunchScreen.storyboard;
			sourceTree = "<group>";
		};
/* End PBXVariantGroup section */

/* Begin XCBuildConfiguration section */
		7BDC1A442A6AAC51005C06C4 /* Debug */ = {
			isa = XCBuildConfiguration;
			buildSettings = {
				ALWAYS_SEARCH_USER_PATHS = NO;
				CLANG_ANALYZER_NONNULL = YES;
				CLANG_ANALYZER_NUMBER_OBJECT_CONVERSION = YES_AGGRESSIVE;
				CLANG_CXX_LANGUAGE_STANDARD = "gnu++20";
				CLANG_ENABLE_MODULES = YES;
				CLANG_ENABLE_OBJC_ARC = YES;
				CLANG_ENABLE_OBJC_WEAK = YES;
				CLANG_WARN_BLOCK_CAPTURE_AUTORELEASING = YES;
				CLANG_WARN_BOOL_CONVERSION = YES;
				CLANG_WARN_COMMA = YES;
				CLANG_WARN_CONSTANT_CONVERSION = YES;
				CLANG_WARN_DEPRECATED_OBJC_IMPLEMENTATIONS = YES;
				CLANG_WARN_DIRECT_OBJC_ISA_USAGE = YES_ERROR;
				CLANG_WARN_DOCUMENTATION_COMMENTS = YES;
				CLANG_WARN_EMPTY_BODY = YES;
				CLANG_WARN_ENUM_CONVERSION = YES;
				CLANG_WARN_INFINITE_RECURSION = YES;
				CLANG_WARN_INT_CONVERSION = YES;
				CLANG_WARN_NON_LITERAL_NULL_CONVERSION = YES;
				CLANG_WARN_OBJC_IMPLICIT_RETAIN_SELF = YES;
				CLANG_WARN_OBJC_LITERAL_CONVERSION = YES;
				CLANG_WARN_OBJC_ROOT_CLASS = YES_ERROR;
				CLANG_WARN_QUOTED_INCLUDE_IN_FRAMEWORK_HEADER = YES;
				CLANG_WARN_RANGE_LOOP_ANALYSIS = YES;
				CLANG_WARN_STRICT_PROTOTYPES = YES;
				CLANG_WARN_SUSPICIOUS_MOVE = YES;
				CLANG_WARN_UNGUARDED_AVAILABILITY = YES_AGGRESSIVE;
				CLANG_WARN_UNREACHABLE_CODE = YES;
				CLANG_WARN__DUPLICATE_METHOD_MATCH = YES;
				COPY_PHASE_STRIP = NO;
				DEBUG_INFORMATION_FORMAT = dwarf;
				ENABLE_STRICT_OBJC_MSGSEND = YES;
				ENABLE_TESTABILITY = YES;
				GCC_C_LANGUAGE_STANDARD = gnu11;
				GCC_DYNAMIC_NO_PIC = NO;
				GCC_NO_COMMON_BLOCKS = YES;
				GCC_OPTIMIZATION_LEVEL = 0;
				GCC_PREPROCESSOR_DEFINITIONS = (
					"DEBUG=1",
					"$(inherited)",
				);
				GCC_WARN_64_TO_32_BIT_CONVERSION = YES;
				GCC_WARN_ABOUT_RETURN_TYPE = YES_ERROR;
				GCC_WARN_UNDECLARED_SELECTOR = YES;
				GCC_WARN_UNINITIALIZED_AUTOS = YES_AGGRESSIVE;
				GCC_WARN_UNUSED_FUNCTION = YES;
				GCC_WARN_UNUSED_VARIABLE = YES;
				IPHONEOS_DEPLOYMENT_TARGET = 16.0;
				MTL_ENABLE_DEBUG_INFO = INCLUDE_SOURCE;
				MTL_FAST_MATH = YES;
				ONLY_ACTIVE_ARCH = YES;
				SDKROOT = iphoneos;
				SWIFT_ACTIVE_COMPILATION_CONDITIONS = DEBUG;
				SWIFT_OPTIMIZATION_LEVEL = "-Onone";
			};
			name = Debug;
		};
		7BDC1A452A6AAC51005C06C4 /* Release */ = {
			isa = XCBuildConfiguration;
			buildSettings = {
				ALWAYS_SEARCH_USER_PATHS = NO;
				CLANG_ANALYZER_NONNULL = YES;
				CLANG_ANALYZER_NUMBER_OBJECT_CONVERSION = YES_AGGRESSIVE;
				CLANG_CXX_LANGUAGE_STANDARD = "gnu++20";
				CLANG_ENABLE_MODULES = YES;
				CLANG_ENABLE_OBJC_ARC = YES;
				CLANG_ENABLE_OBJC_WEAK = YES;
				CLANG_WARN_BLOCK_CAPTURE_AUTORELEASING = YES;
				CLANG_WARN_BOOL_CONVERSION = YES;
				CLANG_WARN_COMMA = YES;
				CLANG_WARN_CONSTANT_CONVERSION = YES;
				CLANG_WARN_DEPRECATED_OBJC_IMPLEMENTATIONS = YES;
				CLANG_WARN_DIRECT_OBJC_ISA_USAGE = YES_ERROR;
				CLANG_WARN_DOCUMENTATION_COMMENTS = YES;
				CLANG_WARN_EMPTY_BODY = YES;
				CLANG_WARN_ENUM_CONVERSION = YES;
				CLANG_WARN_INFINITE_RECURSION = YES;
				CLANG_WARN_INT_CONVERSION = YES;
				CLANG_WARN_NON_LITERAL_NULL_CONVERSION = YES;
				CLANG_WARN_OBJC_IMPLICIT_RETAIN_SELF = YES;
				CLANG_WARN_OBJC_LITERAL_CONVERSION = YES;
				CLANG_WARN_OBJC_ROOT_CLASS = YES_ERROR;
				CLANG_WARN_QUOTED_INCLUDE_IN_FRAMEWORK_HEADER = YES;
				CLANG_WARN_RANGE_LOOP_ANALYSIS = YES;
				CLANG_WARN_STRICT_PROTOTYPES = YES;
				CLANG_WARN_SUSPICIOUS_MOVE = YES;
				CLANG_WARN_UNGUARDED_AVAILABILITY = YES_AGGRESSIVE;
				CLANG_WARN_UNREACHABLE_CODE = YES;
				CLANG_WARN__DUPLICATE_METHOD_MATCH = YES;
				COPY_PHASE_STRIP = NO;
				DEBUG_INFORMATION_FORMAT = "dwarf-with-dsym";
				ENABLE_NS_ASSERTIONS = NO;
				ENABLE_STRICT_OBJC_MSGSEND = YES;
				GCC_C_LANGUAGE_STANDARD = gnu11;
				GCC_NO_COMMON_BLOCKS = YES;
				GCC_WARN_64_TO_32_BIT_CONVERSION = YES;
				GCC_WARN_ABOUT_RETURN_TYPE = YES_ERROR;
				GCC_WARN_UNDECLARED_SELECTOR = YES;
				GCC_WARN_UNINITIALIZED_AUTOS = YES_AGGRESSIVE;
				GCC_WARN_UNUSED_FUNCTION = YES;
				GCC_WARN_UNUSED_VARIABLE = YES;
				IPHONEOS_DEPLOYMENT_TARGET = 16.0;
				MTL_ENABLE_DEBUG_INFO = NO;
				MTL_FAST_MATH = YES;
				SDKROOT = iphoneos;
				SWIFT_COMPILATION_MODE = wholemodule;
				SWIFT_OPTIMIZATION_LEVEL = "-O";
				VALIDATE_PRODUCT = YES;
			};
			name = Release;
		};
		7BDC1A472A6AAC51005C06C4 /* Debug */ = {
			isa = XCBuildConfiguration;
			buildSettings = {
				ASSETCATALOG_COMPILER_APPICON_NAME = AppIcon;
				ASSETCATALOG_COMPILER_GLOBAL_ACCENT_COLOR_NAME = AccentColor;
				CODE_SIGN_STYLE = Automatic;
				CURRENT_PROJECT_VERSION = 1;
				DEVELOPMENT_TEAM = KTK732WRHB;
				GENERATE_INFOPLIST_FILE = YES;
				INFOPLIST_FILE = BreakingNews/Info.plist;
				INFOPLIST_KEY_UIApplicationSupportsIndirectInputEvents = YES;
				INFOPLIST_KEY_UILaunchStoryboardName = LaunchScreen;
				INFOPLIST_KEY_UIMainStoryboardFile = Main;
				INFOPLIST_KEY_UISupportedInterfaceOrientations_iPad = "UIInterfaceOrientationPortrait UIInterfaceOrientationPortraitUpsideDown UIInterfaceOrientationLandscapeLeft UIInterfaceOrientationLandscapeRight";
				INFOPLIST_KEY_UISupportedInterfaceOrientations_iPhone = "UIInterfaceOrientationPortrait UIInterfaceOrientationLandscapeLeft UIInterfaceOrientationLandscapeRight";
				LD_RUNPATH_SEARCH_PATHS = (
					"$(inherited)",
					"@executable_path/Frameworks",
				);
				MARKETING_VERSION = 1.0;
				PRODUCT_BUNDLE_IDENTIFIER = com.allymationes.BreakingNews;
				PRODUCT_NAME = "$(TARGET_NAME)";
				SWIFT_EMIT_LOC_STRINGS = YES;
				SWIFT_VERSION = 5.0;
				TARGETED_DEVICE_FAMILY = "1,2";
			};
			name = Debug;
		};
		7BDC1A482A6AAC51005C06C4 /* Release */ = {
			isa = XCBuildConfiguration;
			buildSettings = {
				ASSETCATALOG_COMPILER_APPICON_NAME = AppIcon;
				ASSETCATALOG_COMPILER_GLOBAL_ACCENT_COLOR_NAME = AccentColor;
				CODE_SIGN_STYLE = Automatic;
				CURRENT_PROJECT_VERSION = 1;
				DEVELOPMENT_TEAM = KTK732WRHB;
				GENERATE_INFOPLIST_FILE = YES;
				INFOPLIST_FILE = BreakingNews/Info.plist;
				INFOPLIST_KEY_UIApplicationSupportsIndirectInputEvents = YES;
				INFOPLIST_KEY_UILaunchStoryboardName = LaunchScreen;
				INFOPLIST_KEY_UIMainStoryboardFile = Main;
				INFOPLIST_KEY_UISupportedInterfaceOrientations_iPad = "UIInterfaceOrientationPortrait UIInterfaceOrientationPortraitUpsideDown UIInterfaceOrientationLandscapeLeft UIInterfaceOrientationLandscapeRight";
				INFOPLIST_KEY_UISupportedInterfaceOrientations_iPhone = "UIInterfaceOrientationPortrait UIInterfaceOrientationLandscapeLeft UIInterfaceOrientationLandscapeRight";
				LD_RUNPATH_SEARCH_PATHS = (
					"$(inherited)",
					"@executable_path/Frameworks",
				);
				MARKETING_VERSION = 1.0;
				PRODUCT_BUNDLE_IDENTIFIER = com.allymationes.BreakingNews;
				PRODUCT_NAME = "$(TARGET_NAME)";
				SWIFT_EMIT_LOC_STRINGS = YES;
				SWIFT_VERSION = 5.0;
				TARGETED_DEVICE_FAMILY = "1,2";
			};
			name = Release;
		};
/* End XCBuildConfiguration section */

/* Begin XCConfigurationList section */
		7BDC1A2D2A6AAC50005C06C4 /* Build configuration list for PBXProject "BreakingNews" */ = {
			isa = XCConfigurationList;
			buildConfigurations = (
				7BDC1A442A6AAC51005C06C4 /* Debug */,
				7BDC1A452A6AAC51005C06C4 /* Release */,
			);
			defaultConfigurationIsVisible = 0;
			defaultConfigurationName = Release;
		};
		7BDC1A462A6AAC51005C06C4 /* Build configuration list for PBXNativeTarget "BreakingNews" */ = {
			isa = XCConfigurationList;
			buildConfigurations = (
				7BDC1A472A6AAC51005C06C4 /* Debug */,
				7BDC1A482A6AAC51005C06C4 /* Release */,
			);
			defaultConfigurationIsVisible = 0;
			defaultConfigurationName = Release;
		};
/* End XCConfigurationList section */
	};
	rootObject = 7BDC1A2A2A6AAC50005C06C4 /* Project object */;
}
